
Microsoft Visual Studio Solution File, Format Version 12.00
# Visual Studio Version 17
VisualStudioVersion = 17.6.33801.468
MinimumVisualStudioVersion = 10.0.40219.1
Project("{FAE04EC0-301F-11D3-BF4B-00C04F79EFBC}") = "Turismul-Durabil", "Turismul-Durabil\Turismul-Durabil.csproj", "{34258EC4-B3E9-4404-B882-EAA4ED782D7F}"
EndProject
Global
	GlobalSection(SolutionConfigurationPlatforms) = preSolution
		Debug|Any CPU = Debug|Any CPU
		Release|Any CPU = Release|Any CPU
	EndGlobalSection
	GlobalSection(ProjectConfigurationPlatforms) = postSolution
		{34258EC4-B3E9-4404-B882-EAA4ED782D7F}.Debug|Any CPU.ActiveCfg = Debug|Any CPU
		{34258EC4-B3E9-4404-B882-EAA4ED782D7F}.Debug|Any CPU.Build.0 = Debug|Any CPU
		{34258EC4-B3E9-4404-B882-EAA4ED782D7F}.Release|Any CPU.ActiveCfg = Release|Any CPU
		{34258EC4-B3E9-4404-B882-EAA4ED782D7F}.Release|Any CPU.Build.0 = Release|Any CPU
	EndGlobalSection
	GlobalSection(SolutionProperties) = preSolution
		HideSolutionNode = FALSE
	EndGlobalSection
	GlobalSection(ExtensibilityGlobals) = postSolution
		SolutionGuid = {7A7F1898-7B05-4F0F-B028-B1FBD7FFA7BC}
	EndGlobalSection
EndGlobal
